
Microsoft Visual Studio Solution File, Format Version 12.00
# Visual Studio Version 17
VisualStudioVersion = 17.3.32922.545
MinimumVisualStudioVersion = 10.0.40219.1
Project("{FAE04EC0-301F-11D3-BF4B-00C04F79EFBC}") = "BarcodeScanner.Android", "BarcodeScanner\BarcodeScanner.Android\BarcodeScanner.Android.csproj", "{323438D9-D95B-4764-AF8B-9F1600D39E9F}"
EndProject
Project("{FAE04EC0-301F-11D3-BF4B-00C04F79EFBC}") = "BarcodeScanner", "BarcodeScanner\BarcodeScanner\BarcodeScanner.csproj", "{BD76B589-E6F5-44CB-8C5B-D38B15CCF388}"
EndProject
Global
	GlobalSection(SolutionConfigurationPlatforms) = preSolution
		Debug|Any CPU = Debug|Any CPU
		Release|Any CPU = Release|Any CPU
	EndGlobalSection
	GlobalSection(ProjectConfigurationPlatforms) = postSolution
		{323438D9-D95B-4764-AF8B-9F1600D39E9F}.Debug|Any CPU.ActiveCfg = Debug|Any CPU
		{323438D9-D95B-4764-AF8B-9F1600D39E9F}.Debug|Any CPU.Build.0 = Debug|Any CPU
		{323438D9-D95B-4764-AF8B-9F1600D39E9F}.Debug|Any CPU.Deploy.0 = Debug|Any CPU
		{323438D9-D95B-4764-AF8B-9F1600D39E9F}.Release|Any CPU.ActiveCfg = Release|Any CPU
		{323438D9-D95B-4764-AF8B-9F1600D39E9F}.Release|Any CPU.Build.0 = Release|Any CPU
		{323438D9-D95B-4764-AF8B-9F1600D39E9F}.Release|Any CPU.Deploy.0 = Release|Any CPU
		{BD76B589-E6F5-44CB-8C5B-D38B15CCF388}.Debug|Any CPU.ActiveCfg = Debug|Any CPU
		{BD76B589-E6F5-44CB-8C5B-D38B15CCF388}.Debug|Any CPU.Build.0 = Debug|Any CPU
		{BD76B589-E6F5-44CB-8C5B-D38B15CCF388}.Debug|Any CPU.Deploy.0 = Debug|Any CPU
		{BD76B589-E6F5-44CB-8C5B-D38B15CCF388}.Release|Any CPU.ActiveCfg = Release|Any CPU
		{BD76B589-E6F5-44CB-8C5B-D38B15CCF388}.Release|Any CPU.Build.0 = Release|Any CPU
		{BD76B589-E6F5-44CB-8C5B-D38B15CCF388}.Release|Any CPU.Deploy.0 = Release|Any CPU
	EndGlobalSection
	GlobalSection(SolutionProperties) = preSolution
		HideSolutionNode = FALSE
	EndGlobalSection
	GlobalSection(ExtensibilityGlobals) = postSolution
		SolutionGuid = {6DCCDD45-4F9A-4CF1-B955-A685E7A72FDD}
	EndGlobalSection
EndGlobal
